// !$*UTF8*$!
{
	archiveVersion = 1;
	classes = {
	};
	objectVersion = 46;
	objects = {

/* Begin PBXBuildFile section */
		E19C68361EC2826200F575EE /* Set+Extension.swift in Sources */ = {isa = PBXBuildFile; fileRef = E19C68351EC2826200F575EE /* Set+Extension.swift */; };
		E1B1EBA01EBC8FAE00F5E852 /* FunctionExtension.framework in Frameworks */ = {isa = PBXBuildFile; fileRef = E1B1EB961EBC8FAE00F5E852 /* FunctionExtension.framework */; };
		E1B1EBA51EBC8FAE00F5E852 /* FunctionExtensionTests.swift in Sources */ = {isa = PBXBuildFile; fileRef = E1B1EBA41EBC8FAE00F5E852 /* FunctionExtensionTests.swift */; };
		E1B1EBA71EBC8FAE00F5E852 /* FunctionExtension.h in Headers */ = {isa = PBXBuildFile; fileRef = E1B1EB991EBC8FAE00F5E852 /* FunctionExtension.h */; settings = {ATTRIBUTES = (Public, ); }; };
		E1B1EBB21EBC92F200F5E852 /* Array+Extension.swift in Sources */ = {isa = PBXBuildFile; fileRef = E1B1EBB11EBC92F200F5E852 /* Array+Extension.swift */; };
/* End PBXBuildFile section */

/* Begin PBXContainerItemProxy section */
		E1B1EBA11EBC8FAE00F5E852 /* PBXContainerItemProxy */ = {
			isa = PBXContainerItemProxy;
			containerPortal = E1B1EB8D1EBC8FAE00F5E852 /* Project object */;
			proxyType = 1;
			remoteGlobalIDString = E1B1EB951EBC8FAE00F5E852;
			remoteInfo = FunctionExtension;
		};
/* End PBXContainerItemProxy section */

/* Begin PBXFileReference section */
		E19C68351EC2826200F575EE /* Set+Extension.swift */ = {isa = PBXFileReference; fileEncoding = 4; lastKnownFileType = sourcecode.swift; path = "Set+Extension.swift"; sourceTree = "<group>"; };
		E1B1EB961EBC8FAE00F5E852 /* FunctionExtension.framework */ = {isa = PBXFileReference; explicitFileType = wrapper.framework; includeInIndex = 0; path = FunctionExtension.framework; sourceTree = BUILT_PRODUCTS_DIR; };
		E1B1EB991EBC8FAE00F5E852 /* FunctionExtension.h */ = {isa = PBXFileReference; lastKnownFileType = sourcecode.c.h; path = FunctionExtension.h; sourceTree = "<group>"; };
		E1B1EB9A1EBC8FAE00F5E852 /* Info.plist */ = {isa = PBXFileReference; lastKnownFileType = text.plist.xml; path = Info.plist; sourceTree = "<group>"; };
		E1B1EB9F1EBC8FAE00F5E852 /* FunctionExtensionTests.xctest */ = {isa = PBXFileReference; explicitFileType = wrapper.cfbundle; includeInIndex = 0; path = FunctionExtensionTests.xctest; sourceTree = BUILT_PRODUCTS_DIR; };
		E1B1EBA41EBC8FAE00F5E852 /* FunctionExtensionTests.swift */ = {isa = PBXFileReference; lastKnownFileType = sourcecode.swift; path = FunctionExtensionTests.swift; sourceTree = "<group>"; };
		E1B1EBA61EBC8FAE00F5E852 /* Info.plist */ = {isa = PBXFileReference; lastKnownFileType = text.plist.xml; path = Info.plist; sourceTree = "<group>"; };
		E1B1EBB01EBC8FD000F5E852 /* MyPlayground.playground */ = {isa = PBXFileReference; lastKnownFileType = file.playground; path = MyPlayground.playground; sourceTree = "<group>"; };
		E1B1EBB11EBC92F200F5E852 /* Array+Extension.swift */ = {isa = PBXFileReference; fileEncoding = 4; lastKnownFileType = sourcecode.swift; path = "Array+Extension.swift"; sourceTree = "<group>"; };
/* End PBXFileReference section */

/* Begin PBXFrameworksBuildPhase section */
		E1B1EB921EBC8FAE00F5E852 /* Frameworks */ = {
			isa = PBXFrameworksBuildPhase;
			buildActionMask = 2147483647;
			files = (
			);
			runOnlyForDeploymentPostprocessing = 0;
		};
		E1B1EB9C1EBC8FAE00F5E852 /* Frameworks */ = {
			isa = PBXFrameworksBuildPhase;
			buildActionMask = 2147483647;
			files = (
				E1B1EBA01EBC8FAE00F5E852 /* FunctionExtension.framework in Frameworks */,
			);
			runOnlyForDeploymentPostprocessing = 0;
		};
/* End PBXFrameworksBuildPhase section */

/* Begin PBXGroup section */
		E1B1EB8C1EBC8FAE00F5E852 = {
			isa = PBXGroup;
			children = (
				E1B1EBB01EBC8FD000F5E852 /* MyPlayground.playground */,
				E1B1EB981EBC8FAE00F5E852 /* FunctionExtension */,
				E1B1EBA31EBC8FAE00F5E852 /* FunctionExtensionTests */,
				E1B1EB971EBC8FAE00F5E852 /* Products */,
			);
			sourceTree = "<group>";
		};
		E1B1EB971EBC8FAE00F5E852 /* Products */ = {
			isa = PBXGroup;
			children = (
				E1B1EB961EBC8FAE00F5E852 /* FunctionExtension.framework */,
				E1B1EB9F1EBC8FAE00F5E852 /* FunctionExtensionTests.xctest */,
			);
			name = Products;
			sourceTree = "<group>";
		};
		E1B1EB981EBC8FAE00F5E852 /* FunctionExtension */ = {
			isa = PBXGroup;
			children = (
				E1B1EB991EBC8FAE00F5E852 /* FunctionExtension.h */,
				E1B1EB9A1EBC8FAE00F5E852 /* Info.plist */,
				E1B1EBB11EBC92F200F5E852 /* Array+Extension.swift */,
				E19C68351EC2826200F575EE /* Set+Extension.swift */,
			);
			path = FunctionExtension;
			sourceTree = "<group>";
		};
		E1B1EBA31EBC8FAE00F5E852 /* FunctionExtensionTests */ = {
			isa = PBXGroup;
			children = (
				E1B1EBA41EBC8FAE00F5E852 /* FunctionExtensionTests.swift */,
				E1B1EBA61EBC8FAE00F5E852 /* Info.plist */,
			);
			path = FunctionExtensionTests;
			sourceTree = "<group>";
		};
/* End PBXGroup section */

/* Begin PBXHeadersBuildPhase section */
		E1B1EB931EBC8FAE00F5E852 /* Headers */ = {
			isa = PBXHeadersBuildPhase;
			buildActionMask = 2147483647;
			files = (
				E1B1EBA71EBC8FAE00F5E852 /* FunctionExtension.h in Headers */,
			);
			runOnlyForDeploymentPostprocessing = 0;
		};
/* End PBXHeadersBuildPhase section */

/* Begin PBXNativeTarget section */
		E1B1EB951EBC8FAE00F5E852 /* FunctionExtension */ = {
			isa = PBXNativeTarget;
			buildConfigurationList = E1B1EBAA1EBC8FAE00F5E852 /* Build configuration list for PBXNativeTarget "FunctionExtension" */;
			buildPhases = (
				E1B1EB911EBC8FAE00F5E852 /* Sources */,
				E1B1EB921EBC8FAE00F5E852 /* Frameworks */,
				E1B1EB931EBC8FAE00F5E852 /* Headers */,
				E1B1EB941EBC8FAE00F5E852 /* Resources */,
			);
			buildRules = (
			);
			dependencies = (
			);
			name = FunctionExtension;
			productName = FunctionExtension;
			productReference = E1B1EB961EBC8FAE00F5E852 /* FunctionExtension.framework */;
			productType = "com.apple.product-type.framework";
		};
		E1B1EB9E1EBC8FAE00F5E852 /* FunctionExtensionTests */ = {
			isa = PBXNativeTarget;
			buildConfigurationList = E1B1EBAD1EBC8FAE00F5E852 /* Build configuration list for PBXNativeTarget "FunctionExtensionTests" */;
			buildPhases = (
				E1B1EB9B1EBC8FAE00F5E852 /* Sources */,
				E1B1EB9C1EBC8FAE00F5E852 /* Frameworks */,
				E1B1EB9D1EBC8FAE00F5E852 /* Resources */,
			);
			buildRules = (
			);
			dependencies = (
				E1B1EBA21EBC8FAE00F5E852 /* PBXTargetDependency */,
			);
			name = FunctionExtensionTests;
			productName = FunctionExtensionTests;
			productReference = E1B1EB9F1EBC8FAE00F5E852 /* FunctionExtensionTests.xctest */;
			productType = "com.apple.product-type.bundle.unit-test";
		};
/* End PBXNativeTarget section */

/* Begin PBXProject section */
		E1B1EB8D1EBC8FAE00F5E852 /* Project object */ = {
			isa = PBXProject;
			attributes = {
				LastSwiftUpdateCheck = 0830;
				LastUpgradeCheck = 0830;
				ORGANIZATIONNAME = akrio;
				TargetAttributes = {
					E1B1EB951EBC8FAE00F5E852 = {
						CreatedOnToolsVersion = 8.3.2;
						DevelopmentTeam = HD6TEE6Z5F;
						LastSwiftMigration = 0830;
						ProvisioningStyle = Automatic;
					};
					E1B1EB9E1EBC8FAE00F5E852 = {
						CreatedOnToolsVersion = 8.3.2;
						DevelopmentTeam = HD6TEE6Z5F;
						ProvisioningStyle = Automatic;
					};
				};
			};
			buildConfigurationList = E1B1EB901EBC8FAE00F5E852 /* Build configuration list for PBXProject "FunctionExtension" */;
			compatibilityVersion = "Xcode 3.2";
			developmentRegion = English;
			hasScannedForEncodings = 0;
			knownRegions = (
				en,
			);
			mainGroup = E1B1EB8C1EBC8FAE00F5E852;
			productRefGroup = E1B1EB971EBC8FAE00F5E852 /* Products */;
			projectDirPath = "";
			projectRoot = "";
			targets = (
				E1B1EB951EBC8FAE00F5E852 /* FunctionExtension */,
				E1B1EB9E1EBC8FAE00F5E852 /* FunctionExtensionTests */,
			);
		};
/* End PBXProject section */

/* Begin PBXResourcesBuildPhase section */
		E1B1EB941EBC8FAE00F5E852 /* Resources */ = {
			isa = PBXResourcesBuildPhase;
			buildActionMask = 2147483647;
			files = (
			);
			runOnlyForDeploymentPostprocessing = 0;
		};
		E1B1EB9D1EBC8FAE00F5E852 /* Resources */ = {
			isa = PBXResourcesBuildPhase;
			buildActionMask = 2147483647;
			files = (
			);
			runOnlyForDeploymentPostprocessing = 0;
		};
/* End PBXResourcesBuildPhase section */

/* Begin PBXSourcesBuildPhase section */
		E1B1EB911EBC8FAE00F5E852 /* Sources */ = {
			isa = PBXSourcesBuildPhase;
			buildActionMask = 2147483647;
			files = (
				E19C68361EC2826200F575EE /* Set+Extension.swift in Sources */,
				E1B1EBB21EBC92F200F5E852 /* Array+Extension.swift in Sources */,
			);
			runOnlyForDeploymentPostprocessing = 0;
		};
		E1B1EB9B1EBC8FAE00F5E852 /* Sources */ = {
			isa = PBXSourcesBuildPhase;
			buildActionMask = 2147483647;
			files = (
				E1B1EBA51EBC8FAE00F5E852 /* FunctionExtensionTests.swift in Sources */,
			);
			runOnlyForDeploymentPostprocessing = 0;
		};
/* End PBXSourcesBuildPhase section */

/* Begin PBXTargetDependency section */
		E1B1EBA21EBC8FAE00F5E852 /* PBXTargetDependency */ = {
			isa = PBXTargetDependency;
			target = E1B1EB951EBC8FAE00F5E852 /* FunctionExtension */;
			targetProxy = E1B1EBA11EBC8FAE00F5E852 /* PBXContainerItemProxy */;
		};
/* End PBXTargetDependency section */

/* Begin XCBuildConfiguration section */
		E1B1EBA81EBC8FAE00F5E852 /* Debug */ = {
			isa = XCBuildConfiguration;
			buildSettings = {
				ALWAYS_SEARCH_USER_PATHS = NO;
				CLANG_ANALYZER_NONNULL = YES;
				CLANG_ANALYZER_NUMBER_OBJECT_CONVERSION = YES_AGGRESSIVE;
				CLANG_CXX_LANGUAGE_STANDARD = "gnu++0x";
				CLANG_CXX_LIBRARY = "libc++";
				CLANG_ENABLE_MODULES = YES;
				CLANG_ENABLE_OBJC_ARC = YES;
				CLANG_WARN_BOOL_CONVERSION = YES;
				CLANG_WARN_CONSTANT_CONVERSION = YES;
				CLANG_WARN_DIRECT_OBJC_ISA_USAGE = YES_ERROR;
				CLANG_WARN_DOCUMENTATION_COMMENTS = YES;
				CLANG_WARN_EMPTY_BODY = YES;
				CLANG_WARN_ENUM_CONVERSION = YES;
				CLANG_WARN_INFINITE_RECURSION = YES;
				CLANG_WARN_INT_CONVERSION = YES;
				CLANG_WARN_OBJC_ROOT_CLASS = YES_ERROR;
				CLANG_WARN_SUSPICIOUS_MOVE = YES;
				CLANG_WARN_UNREACHABLE_CODE = YES;
				CLANG_WARN__DUPLICATE_METHOD_MATCH = YES;
				"CODE_SIGN_IDENTITY[sdk=iphoneos*]" = "iPhone Developer";
				COPY_PHASE_STRIP = NO;
				CURRENT_PROJECT_VERSION = 1;
				DEBUG_INFORMATION_FORMAT = dwarf;
				ENABLE_STRICT_OBJC_MSGSEND = YES;
				ENABLE_TESTABILITY = YES;
				GCC_C_LANGUAGE_STANDARD = gnu99;
				GCC_DYNAMIC_NO_PIC = NO;
				GCC_NO_COMMON_BLOCKS = YES;
				GCC_OPTIMIZATION_LEVEL = 0;
				GCC_PREPROCESSOR_DEFINITIONS = (
					"DEBUG=1",
					"$(inherited)",
				);
				GCC_WARN_64_TO_32_BIT_CONVERSION = YES;
				GCC_WARN_ABOUT_RETURN_TYPE = YES_ERROR;
				GCC_WARN_UNDECLARED_SELECTOR = YES;
				GCC_WARN_UNINITIALIZED_AUTOS = YES_AGGRESSIVE;
				GCC_WARN_UNUSED_FUNCTION = YES;
				GCC_WARN_UNUSED_VARIABLE = YES;
				IPHONEOS_DEPLOYMENT_TARGET = 10.3;
				MTL_ENABLE_DEBUG_INFO = YES;
				ONLY_ACTIVE_ARCH = YES;
				SDKROOT = iphoneos;
				SWIFT_ACTIVE_COMPILATION_CONDITIONS = DEBUG;
				SWIFT_OPTIMIZATION_LEVEL = "-Onone";
				TARGETED_DEVICE_FAMILY = "1,2";
				VERSIONING_SYSTEM = "apple-generic";
				VERSION_INFO_PREFIX = "";
			};
			name = Debug;
		};
		E1B1EBA91EBC8FAE00F5E852 /* Release */ = {
			isa = XCBuildConfiguration;
			buildSettings = {
				ALWAYS_SEARCH_USER_PATHS = NO;
				CLANG_ANALYZER_NONNULL = YES;
				CLANG_ANALYZER_NUMBER_OBJECT_CONVERSION = YES_AGGRESSIVE;
				CLANG_CXX_LANGUAGE_STANDARD = "gnu++0x";
				CLANG_CXX_LIBRARY = "libc++";
				CLANG_ENABLE_MODULES = YES;
				CLANG_ENABLE_OBJC_ARC = YES;
				CLANG_WARN_BOOL_CONVERSION = YES;
				CLANG_WARN_CONSTANT_CONVERSION = YES;
				CLANG_WARN_DIRECT_OBJC_ISA_USAGE = YES_ERROR;
				CLANG_WARN_DOCUMENTATION_COMMENTS = YES;
				CLANG_WARN_EMPTY_BODY = YES;
				CLANG_WARN_ENUM_CONVERSION = YES;
				CLANG_WARN_INFINITE_RECURSION = YES;
				CLANG_WARN_INT_CONVERSION = YES;
				CLANG_WARN_OBJC_ROOT_CLASS = YES_ERROR;
				CLANG_WARN_SUSPICIOUS_MOVE = YES;
				CLANG_WARN_UNREACHABLE_CODE = YES;
				CLANG_WARN__DUPLICATE_METHOD_MATCH = YES;
				"CODE_SIGN_IDENTITY[sdk=iphoneos*]" = "iPhone Developer";
				COPY_PHASE_STRIP = NO;
				CURRENT_PROJECT_VERSION = 1;
				DEBUG_INFORMATION_FORMAT = "dwarf-with-dsym";
				ENABLE_NS_ASSERTIONS = NO;
				ENABLE_STRICT_OBJC_MSGSEND = YES;
				GCC_C_LANGUAGE_STANDARD = gnu99;
				GCC_NO_COMMON_BLOCKS = YES;
				GCC_WARN_64_TO_32_BIT_CONVERSION = YES;
				GCC_WARN_ABOUT_RETURN_TYPE = YES_ERROR;
				GCC_WARN_UNDECLARED_SELECTOR = YES;
				GCC_WARN_UNINITIALIZED_AUTOS = YES_AGGRESSIVE;
				GCC_WARN_UNUSED_FUNCTION = YES;
				GCC_WARN_UNUSED_VARIABLE = YES;
				IPHONEOS_DEPLOYMENT_TARGET = 10.3;
				MTL_ENABLE_DEBUG_INFO = NO;
				SDKROOT = iphoneos;
				SWIFT_OPTIMIZATION_LEVEL = "-Owholemodule";
				TARGETED_DEVICE_FAMILY = "1,2";
				VALIDATE_PRODUCT = YES;
				VERSIONING_SYSTEM = "apple-generic";
				VERSION_INFO_PREFIX = "";
			};
			name = Release;
		};
		E1B1EBAB1EBC8FAE00F5E852 /* Debug */ = {
			isa = XCBuildConfiguration;
			buildSettings = {
				CLANG_ENABLE_MODULES = YES;
				CODE_SIGN_IDENTITY = "";
				DEFINES_MODULE = YES;
				DEVELOPMENT_TEAM = HD6TEE6Z5F;
				DYLIB_COMPATIBILITY_VERSION = 1;
				DYLIB_CURRENT_VERSION = 1;
				DYLIB_INSTALL_NAME_BASE = "@rpath";
				INFOPLIST_FILE = FunctionExtension/Info.plist;
				INSTALL_PATH = "$(LOCAL_LIBRARY_DIR)/Frameworks";
				LD_RUNPATH_SEARCH_PATHS = "$(inherited) @executable_path/Frameworks @loader_path/Frameworks";
				PRODUCT_BUNDLE_IDENTIFIER = com.akrio.FunctionExtension;
				PRODUCT_NAME = "$(TARGET_NAME)";
				SKIP_INSTALL = YES;
				SWIFT_OPTIMIZATION_LEVEL = "-Onone";
				SWIFT_VERSION = 3.0;
			};
			name = Debug;
		};
		E1B1EBAC1EBC8FAE00F5E852 /* Release */ = {
			isa = XCBuildConfiguration;
			buildSettings = {
				CLANG_ENABLE_MODULES = YES;
				CODE_SIGN_IDENTITY = "";
				DEFINES_MODULE = YES;
				DEVELOPMENT_TEAM = HD6TEE6Z5F;
				DYLIB_COMPATIBILITY_VERSION = 1;
				DYLIB_CURRENT_VERSION = 1;
				DYLIB_INSTALL_NAME_BASE = "@rpath";
				INFOPLIST_FILE = FunctionExtension/Info.plist;
				INSTALL_PATH = "$(LOCAL_LIBRARY_DIR)/Frameworks";
				LD_RUNPATH_SEARCH_PATHS = "$(inherited) @executable_path/Frameworks @loader_path/Frameworks";
				PRODUCT_BUNDLE_IDENTIFIER = com.akrio.FunctionExtension;
				PRODUCT_NAME = "$(TARGET_NAME)";
				SKIP_INSTALL = YES;
				SWIFT_VERSION = 3.0;
			};
			name = Release;
		};
		E1B1EBAE1EBC8FAE00F5E852 /* Debug */ = {
			isa = XCBuildConfiguration;
			buildSettings = {
				ALWAYS_EMBED_SWIFT_STANDARD_LIBRARIES = YES;
				DEVELOPMENT_TEAM = HD6TEE6Z5F;
				INFOPLIST_FILE = FunctionExtensionTests/Info.plist;
				LD_RUNPATH_SEARCH_PATHS = "$(inherited) @executable_path/Frameworks @loader_path/Frameworks";
				PRODUCT_BUNDLE_IDENTIFIER = com.akrio.FunctionExtensionTests;
				PRODUCT_NAME = "$(TARGET_NAME)";
				SWIFT_VERSION = 3.0;
			};
			name = Debug;
		};
		E1B1EBAF1EBC8FAE00F5E852 /* Release */ = {
			isa = XCBuildConfiguration;
			buildSettings = {
				ALWAYS_EMBED_SWIFT_STANDARD_LIBRARIES = YES;
				DEVELOPMENT_TEAM = HD6TEE6Z5F;
				INFOPLIST_FILE = FunctionExtensionTests/Info.plist;
				LD_RUNPATH_SEARCH_PATHS = "$(inherited) @executable_path/Frameworks @loader_path/Frameworks";
				PRODUCT_BUNDLE_IDENTIFIER = com.akrio.FunctionExtensionTests;
				PRODUCT_NAME = "$(TARGET_NAME)";
				SWIFT_VERSION = 3.0;
			};
			name = Release;
		};
/* End XCBuildConfiguration section */

/* Begin XCConfigurationList section */
		E1B1EB901EBC8FAE00F5E852 /* Build configuration list for PBXProject "FunctionExtension" */ = {
			isa = XCConfigurationList;
			buildConfigurations = (
				E1B1EBA81EBC8FAE00F5E852 /* Debug */,
				E1B1EBA91EBC8FAE00F5E852 /* Release */,
			);
			defaultConfigurationIsVisible = 0;
			defaultConfigurationName = Release;
		};
		E1B1EBAA1EBC8FAE00F5E852 /* Build configuration list for PBXNativeTarget "FunctionExtension" */ = {
			isa = XCConfigurationList;
			buildConfigurations = (
				E1B1EBAB1EBC8FAE00F5E852 /* Debug */,
				E1B1EBAC1EBC8FAE00F5E852 /* Release */,
			);
			defaultConfigurationIsVisible = 0;
			defaultConfigurationName = Release;
		};
		E1B1EBAD1EBC8FAE00F5E852 /* Build configuration list for PBXNativeTarget "FunctionExtensionTests" */ = {
			isa = XCConfigurationList;
			buildConfigurations = (
				E1B1EBAE1EBC8FAE00F5E852 /* Debug */,
				E1B1EBAF1EBC8FAE00F5E852 /* Release */,
			);
			defaultConfigurationIsVisible = 0;
			defaultConfigurationName = Release;
		};
/* End XCConfigurationList section */
	};
	rootObject = E1B1EB8D1EBC8FAE00F5E852 /* Project object */;
}
